
Microsoft Visual Studio Solution File, Format Version 12.00
# Visual Studio Version 16
VisualStudioVersion = 16.0.32413.511
MinimumVisualStudioVersion = 10.0.40219.1
Project("{FAE04EC0-301F-11D3-BF4B-00C04F79EFBC}") = "Mvc5Cv", "Mvc5Cv.csproj", "{7AFBD868-5E8B-42FE-A08E-17A13EDA7A12}"
EndProject
Global
	GlobalSection(SolutionConfigurationPlatforms) = preSolution
		Debug|Any CPU = Debug|Any CPU
		Release|Any CPU = Release|Any CPU
	EndGlobalSection
	GlobalSection(ProjectConfigurationPlatforms) = postSolution
		{7AFBD868-5E8B-42FE-A08E-17A13EDA7A12}.Debug|Any CPU.ActiveCfg = Debug|Any CPU
		{7AFBD868-5E8B-42FE-A08E-17A13EDA7A12}.Debug|Any CPU.Build.0 = Debug|Any CPU
		{7AFBD868-5E8B-42FE-A08E-17A13EDA7A12}.Release|Any CPU.ActiveCfg = Release|Any CPU
		{7AFBD868-5E8B-42FE-A08E-17A13EDA7A12}.Release|Any CPU.Build.0 = Release|Any CPU
	EndGlobalSection
	GlobalSection(SolutionProperties) = preSolution
		HideSolutionNode = FALSE
	EndGlobalSection
	GlobalSection(ExtensibilityGlobals) = postSolution
		SolutionGuid = {93E6EC60-C1ED-40C0-8815-B1C51756F8EC}
	EndGlobalSection
EndGlobal
